{
  "name": "fbgraph",
  "version": "1.4.1",
  "lockfileVersion": 1,
  "requires": true,
  "dependencies": {
    "phin": {
      "version": "2.2.4",
      "resolved": "https://registry.npmjs.org/phin/-/phin-2.2.4.tgz",
      "integrity": "sha512-9KAAVStmAgqj9K+nRQYVqt5ehcZ2LkTKqnXNXnInGrB6StG6MRKwX8wvYaapGyGMOoshlJLdEDQ8YPnIVSAKaw=="
    },
    "qs": {
      "version": "1.2.2",
      "resolved": "https://registry.npmjs.org/qs/-/qs-1.2.2.tgz",
      "integrity": "sha1-GbV/8k3CqZzh+L32r82ln472H4g="
    }
  }
}
